
Microsoft Visual Studio Solution File, Format Version 12.00
# Visual Studio Version 16
VisualStudioVersion = 16.0.32106.194
MinimumVisualStudioVersion = 10.0.40219.1
Project("{FAE04EC0-301F-11D3-BF4B-00C04F79EFBC}") = "EasyHardware.Connection.Core", "EasyHardware.Connection.Core\EasyHardware.Connection.Core.csproj", "{28F4C86B-FC60-47EB-9975-41BD93F2EB55}"
EndProject
Global
	GlobalSection(SolutionConfigurationPlatforms) = preSolution
		Debug|Any CPU = Debug|Any CPU
		Release|Any CPU = Release|Any CPU
	EndGlobalSection
	GlobalSection(ProjectConfigurationPlatforms) = postSolution
		{28F4C86B-FC60-47EB-9975-41BD93F2EB55}.Debug|Any CPU.ActiveCfg = Debug|Any CPU
		{28F4C86B-FC60-47EB-9975-41BD93F2EB55}.Debug|Any CPU.Build.0 = Debug|Any CPU
		{28F4C86B-FC60-47EB-9975-41BD93F2EB55}.Release|Any CPU.ActiveCfg = Release|Any CPU
		{28F4C86B-FC60-47EB-9975-41BD93F2EB55}.Release|Any CPU.Build.0 = Release|Any CPU
	EndGlobalSection
	GlobalSection(SolutionProperties) = preSolution
		HideSolutionNode = FALSE
	EndGlobalSection
	GlobalSection(ExtensibilityGlobals) = postSolution
		SolutionGuid = {AFAD7F0F-9E26-468A-9F28-93A6731235F6}
	EndGlobalSection
EndGlobal
